
Microsoft Visual Studio Solution File, Format Version 12.00
# Visual Studio 15
VisualStudioVersion = 15.0.28307.1433
MinimumVisualStudioVersion = 10.0.40219.1
Project("{FAE04EC0-301F-11D3-BF4B-00C04F79EFBC}") = "Crud", "Crud\Crud.csproj", "{A654CCA1-DC70-4497-A976-6C7EA07851BC}"
EndProject
Global
	GlobalSection(SolutionConfigurationPlatforms) = preSolution
		Debug|Any CPU = Debug|Any CPU
		Release|Any CPU = Release|Any CPU
	EndGlobalSection
	GlobalSection(ProjectConfigurationPlatforms) = postSolution
		{A654CCA1-DC70-4497-A976-6C7EA07851BC}.Debug|Any CPU.ActiveCfg = Debug|Any CPU
		{A654CCA1-DC70-4497-A976-6C7EA07851BC}.Debug|Any CPU.Build.0 = Debug|Any CPU
		{A654CCA1-DC70-4497-A976-6C7EA07851BC}.Release|Any CPU.ActiveCfg = Release|Any CPU
		{A654CCA1-DC70-4497-A976-6C7EA07851BC}.Release|Any CPU.Build.0 = Release|Any CPU
	EndGlobalSection
	GlobalSection(SolutionProperties) = preSolution
		HideSolutionNode = FALSE
	EndGlobalSection
	GlobalSection(ExtensibilityGlobals) = postSolution
		SolutionGuid = {22CFB984-8F0D-4E08-BAC3-1294DDEC2FF5}
	EndGlobalSection
EndGlobal
